
Microsoft Visual Studio Solution File, Format Version 12.00
# Visual Studio Version 16
VisualStudioVersion = 16.0.30907.101
MinimumVisualStudioVersion = 10.0.40219.1
Project("{9A19103F-16F7-4668-BE54-9A1E7A4F7556}") = "KampIntro", "KampIntro\KampIntro.csproj", "{6EB98CCF-B916-4574-B31A-341324F44E6A}"
EndProject
Project("{9A19103F-16F7-4668-BE54-9A1E7A4F7556}") = "Donguler", "Donguler\Donguler.csproj", "{EB23E45F-DDBB-49F7-9DB4-3C4C89C993DA}"
EndProject
Project("{9A19103F-16F7-4668-BE54-9A1E7A4F7556}") = "ClassIntro", "ClassIntro\ClassIntro.csproj", "{E255E489-F344-433A-8254-CAE6AC3152EC}"
EndProject
Project("{9A19103F-16F7-4668-BE54-9A1E7A4F7556}") = "Metotlar", "Metotlar\Metotlar.csproj", "{704EBBC1-316B-4E4C-9BA3-45518FB6D72D}"
EndProject
Project("{9A19103F-16F7-4668-BE54-9A1E7A4F7556}") = "Matematik", "Matematik\Matematik.csproj", "{34D42C80-984C-4F97-83C8-FBF8B654CBC5}"
EndProject
Project("{9A19103F-16F7-4668-BE54-9A1E7A4F7556}") = "DegerVeReferansTipler", "DegerVeReferansTipler\DegerVeReferansTipler.csproj", "{BA193CD6-A2B0-4DC3-90CE-3BAF44EB495A}"
EndProject
Project("{FAE04EC0-301F-11D3-BF4B-00C04F79EFBC}") = "OOP1", "OOP1\OOP1.csproj", "{401CA9BE-C714-4FB5-B14B-79400F69B634}"
EndProject
Project("{FAE04EC0-301F-11D3-BF4B-00C04F79EFBC}") = "Koleksiyonlar", "Koleksiyonlar\Koleksiyonlar.csproj", "{5CB04D4C-53D4-4834-B0EA-9F03DF733505}"
EndProject
Project("{FAE04EC0-301F-11D3-BF4B-00C04F79EFBC}") = "GenericsIntro", "GenericsIntro\GenericsIntro.csproj", "{CED46FF7-2DA5-4FAB-A624-8F55C70F7E89}"
EndProject
Global
	GlobalSection(SolutionConfigurationPlatforms) = preSolution
		Debug|Any CPU = Debug|Any CPU
		Release|Any CPU = Release|Any CPU
	EndGlobalSection
	GlobalSection(ProjectConfigurationPlatforms) = postSolution
		{6EB98CCF-B916-4574-B31A-341324F44E6A}.Debug|Any CPU.ActiveCfg = Debug|Any CPU
		{6EB98CCF-B916-4574-B31A-341324F44E6A}.Debug|Any CPU.Build.0 = Debug|Any CPU
		{6EB98CCF-B916-4574-B31A-341324F44E6A}.Release|Any CPU.ActiveCfg = Release|Any CPU
		{6EB98CCF-B916-4574-B31A-341324F44E6A}.Release|Any CPU.Build.0 = Release|Any CPU
		{EB23E45F-DDBB-49F7-9DB4-3C4C89C993DA}.Debug|Any CPU.ActiveCfg = Debug|Any CPU
		{EB23E45F-DDBB-49F7-9DB4-3C4C89C993DA}.Debug|Any CPU.Build.0 = Debug|Any CPU
		{EB23E45F-DDBB-49F7-9DB4-3C4C89C993DA}.Release|Any CPU.ActiveCfg = Release|Any CPU
		{EB23E45F-DDBB-49F7-9DB4-3C4C89C993DA}.Release|Any CPU.Build.0 = Release|Any CPU
		{E255E489-F344-433A-8254-CAE6AC3152EC}.Debug|Any CPU.ActiveCfg = Debug|Any CPU
		{E255E489-F344-433A-8254-CAE6AC3152EC}.Debug|Any CPU.Build.0 = Debug|Any CPU
		{E255E489-F344-433A-8254-CAE6AC3152EC}.Release|Any CPU.ActiveCfg = Release|Any CPU
		{E255E489-F344-433A-8254-CAE6AC3152EC}.Release|Any CPU.Build.0 = Release|Any CPU
		{704EBBC1-316B-4E4C-9BA3-45518FB6D72D}.Debug|Any CPU.ActiveCfg = Debug|Any CPU
		{704EBBC1-316B-4E4C-9BA3-45518FB6D72D}.Debug|Any CPU.Build.0 = Debug|Any CPU
		{704EBBC1-316B-4E4C-9BA3-45518FB6D72D}.Release|Any CPU.ActiveCfg = Release|Any CPU
		{704EBBC1-316B-4E4C-9BA3-45518FB6D72D}.Release|Any CPU.Build.0 = Release|Any CPU
		{34D42C80-984C-4F97-83C8-FBF8B654CBC5}.Debug|Any CPU.ActiveCfg = Debug|Any CPU
		{34D42C80-984C-4F97-83C8-FBF8B654CBC5}.Debug|Any CPU.Build.0 = Debug|Any CPU
		{34D42C80-984C-4F97-83C8-FBF8B654CBC5}.Release|Any CPU.ActiveCfg = Release|Any CPU
		{34D42C80-984C-4F97-83C8-FBF8B654CBC5}.Release|Any CPU.Build.0 = Release|Any CPU
		{BA193CD6-A2B0-4DC3-90CE-3BAF44EB495A}.Debug|Any CPU.ActiveCfg = Debug|Any CPU
		{BA193CD6-A2B0-4DC3-90CE-3BAF44EB495A}.Debug|Any CPU.Build.0 = Debug|Any CPU
		{BA193CD6-A2B0-4DC3-90CE-3BAF44EB495A}.Release|Any CPU.ActiveCfg = Release|Any CPU
		{BA193CD6-A2B0-4DC3-90CE-3BAF44EB495A}.Release|Any CPU.Build.0 = Release|Any CPU
		{401CA9BE-C714-4FB5-B14B-79400F69B634}.Debug|Any CPU.ActiveCfg = Debug|Any CPU
		{401CA9BE-C714-4FB5-B14B-79400F69B634}.Debug|Any CPU.Build.0 = Debug|Any CPU
		{401CA9BE-C714-4FB5-B14B-79400F69B634}.Release|Any CPU.ActiveCfg = Release|Any CPU
		{401CA9BE-C714-4FB5-B14B-79400F69B634}.Release|Any CPU.Build.0 = Release|Any CPU
		{5CB04D4C-53D4-4834-B0EA-9F03DF733505}.Debug|Any CPU.ActiveCfg = Debug|Any CPU
		{5CB04D4C-53D4-4834-B0EA-9F03DF733505}.Debug|Any CPU.Build.0 = Debug|Any CPU
		{5CB04D4C-53D4-4834-B0EA-9F03DF733505}.Release|Any CPU.ActiveCfg = Release|Any CPU
		{5CB04D4C-53D4-4834-B0EA-9F03DF733505}.Release|Any CPU.Build.0 = Release|Any CPU
		{CED46FF7-2DA5-4FAB-A624-8F55C70F7E89}.Debug|Any CPU.ActiveCfg = Debug|Any CPU
		{CED46FF7-2DA5-4FAB-A624-8F55C70F7E89}.Debug|Any CPU.Build.0 = Debug|Any CPU
		{CED46FF7-2DA5-4FAB-A624-8F55C70F7E89}.Release|Any CPU.ActiveCfg = Release|Any CPU
		{CED46FF7-2DA5-4FAB-A624-8F55C70F7E89}.Release|Any CPU.Build.0 = Release|Any CPU
	EndGlobalSection
	GlobalSection(SolutionProperties) = preSolution
		HideSolutionNode = FALSE
	EndGlobalSection
	GlobalSection(ExtensibilityGlobals) = postSolution
		SolutionGuid = {12584272-9D67-41E1-A157-1B0B41327E0C}
	EndGlobalSection
EndGlobal
